
Microsoft Visual Studio Solution File, Format Version 12.00
# Visual Studio 15
VisualStudioVersion = 15.0.27130.2036
MinimumVisualStudioVersion = 10.0.40219.1
Project("{FAE04EC0-301F-11D3-BF4B-00C04F79EFBC}") = "SW.Api", "SWapi\SW.Api.csproj", "{938108F3-C17E-4641-9C2B-8BDBF17D6CFA}"
EndProject
Project("{FAE04EC0-301F-11D3-BF4B-00C04F79EFBC}") = "SW.Repository", "SW.Repository\SW.Repository.csproj", "{06259502-1298-479E-A6D3-89FA162CFB42}"
EndProject
Project("{FAE04EC0-301F-11D3-BF4B-00C04F79EFBC}") = "SW.Entities", "SW.Entities\SW.Entities.csproj", "{3CAEB281-215C-46F3-BE8B-51511F3672DB}"
EndProject
Project("{FAE04EC0-301F-11D3-BF4B-00C04F79EFBC}") = "SW.Application", "SW.Application\SW.Application.csproj", "{8737F058-ADAC-4522-9259-8B107DD82059}"
EndProject
Project("{FAE04EC0-301F-11D3-BF4B-00C04F79EFBC}") = "Sw.Tests", "Sw.Tests\Sw.Tests.csproj", "{65EC38B8-1C9F-460B-9552-E39BDF4FD0ED}"
EndProject
Global
	GlobalSection(SolutionConfigurationPlatforms) = preSolution
		Debug|Any CPU = Debug|Any CPU
		Release|Any CPU = Release|Any CPU
	EndGlobalSection
	GlobalSection(ProjectConfigurationPlatforms) = postSolution
		{938108F3-C17E-4641-9C2B-8BDBF17D6CFA}.Debug|Any CPU.ActiveCfg = Debug|Any CPU
		{938108F3-C17E-4641-9C2B-8BDBF17D6CFA}.Debug|Any CPU.Build.0 = Debug|Any CPU
		{938108F3-C17E-4641-9C2B-8BDBF17D6CFA}.Release|Any CPU.ActiveCfg = Release|Any CPU
		{938108F3-C17E-4641-9C2B-8BDBF17D6CFA}.Release|Any CPU.Build.0 = Release|Any CPU
		{06259502-1298-479E-A6D3-89FA162CFB42}.Debug|Any CPU.ActiveCfg = Debug|Any CPU
		{06259502-1298-479E-A6D3-89FA162CFB42}.Debug|Any CPU.Build.0 = Debug|Any CPU
		{06259502-1298-479E-A6D3-89FA162CFB42}.Release|Any CPU.ActiveCfg = Release|Any CPU
		{06259502-1298-479E-A6D3-89FA162CFB42}.Release|Any CPU.Build.0 = Release|Any CPU
		{3CAEB281-215C-46F3-BE8B-51511F3672DB}.Debug|Any CPU.ActiveCfg = Debug|Any CPU
		{3CAEB281-215C-46F3-BE8B-51511F3672DB}.Debug|Any CPU.Build.0 = Debug|Any CPU
		{3CAEB281-215C-46F3-BE8B-51511F3672DB}.Release|Any CPU.ActiveCfg = Release|Any CPU
		{3CAEB281-215C-46F3-BE8B-51511F3672DB}.Release|Any CPU.Build.0 = Release|Any CPU
		{8737F058-ADAC-4522-9259-8B107DD82059}.Debug|Any CPU.ActiveCfg = Debug|Any CPU
		{8737F058-ADAC-4522-9259-8B107DD82059}.Debug|Any CPU.Build.0 = Debug|Any CPU
		{8737F058-ADAC-4522-9259-8B107DD82059}.Release|Any CPU.ActiveCfg = Release|Any CPU
		{8737F058-ADAC-4522-9259-8B107DD82059}.Release|Any CPU.Build.0 = Release|Any CPU
		{65EC38B8-1C9F-460B-9552-E39BDF4FD0ED}.Debug|Any CPU.ActiveCfg = Debug|Any CPU
		{65EC38B8-1C9F-460B-9552-E39BDF4FD0ED}.Debug|Any CPU.Build.0 = Debug|Any CPU
		{65EC38B8-1C9F-460B-9552-E39BDF4FD0ED}.Release|Any CPU.ActiveCfg = Release|Any CPU
		{65EC38B8-1C9F-460B-9552-E39BDF4FD0ED}.Release|Any CPU.Build.0 = Release|Any CPU
	EndGlobalSection
	GlobalSection(SolutionProperties) = preSolution
		HideSolutionNode = FALSE
	EndGlobalSection
	GlobalSection(ExtensibilityGlobals) = postSolution
		SolutionGuid = {7F382632-1EB9-4738-97B9-306001D8F46B}
	EndGlobalSection
EndGlobal
